
Microsoft Visual Studio Solution File, Format Version 12.00
# Visual Studio 15
VisualStudioVersion = 15.0.26228.9
MinimumVisualStudioVersion = 10.0.40219.1
Project("{FAE04EC0-301F-11D3-BF4B-00C04F79EFBC}") = "SampleLinkedIn", "SampleLinkedIn\SampleLinkedIn.csproj", "{FF334250-A2A1-47B8-ADAC-0C09568FC951}"
EndProject
Project("{FAE04EC0-301F-11D3-BF4B-00C04F79EFBC}") = "SampleLinkedIn.Tests", "SampleLinkedIn.Tests\SampleLinkedIn.Tests.csproj", "{B477F527-F51B-4431-98FA-14B3B0980BD7}"
EndProject
Global
	GlobalSection(SolutionConfigurationPlatforms) = preSolution
		Debug|Any CPU = Debug|Any CPU
		Release|Any CPU = Release|Any CPU
	EndGlobalSection
	GlobalSection(ProjectConfigurationPlatforms) = postSolution
		{FF334250-A2A1-47B8-ADAC-0C09568FC951}.Debug|Any CPU.ActiveCfg = Debug|Any CPU
		{FF334250-A2A1-47B8-ADAC-0C09568FC951}.Debug|Any CPU.Build.0 = Debug|Any CPU
		{FF334250-A2A1-47B8-ADAC-0C09568FC951}.Release|Any CPU.ActiveCfg = Release|Any CPU
		{FF334250-A2A1-47B8-ADAC-0C09568FC951}.Release|Any CPU.Build.0 = Release|Any CPU
		{B477F527-F51B-4431-98FA-14B3B0980BD7}.Debug|Any CPU.ActiveCfg = Debug|Any CPU
		{B477F527-F51B-4431-98FA-14B3B0980BD7}.Debug|Any CPU.Build.0 = Debug|Any CPU
		{B477F527-F51B-4431-98FA-14B3B0980BD7}.Release|Any CPU.ActiveCfg = Release|Any CPU
		{B477F527-F51B-4431-98FA-14B3B0980BD7}.Release|Any CPU.Build.0 = Release|Any CPU
	EndGlobalSection
	GlobalSection(SolutionProperties) = preSolution
		HideSolutionNode = FALSE
	EndGlobalSection
EndGlobal
